
Microsoft Visual Studio Solution File, Format Version 12.00
# Visual Studio Version 17
VisualStudioVersion = 17.4.33205.214
MinimumVisualStudioVersion = 10.0.40219.1
Project("{FAE04EC0-301F-11D3-BF4B-00C04F79EFBC}") = "Practicas", "Practicas\Practicas.csproj", "{EF57A3BF-43A4-4CAF-A1E6-F02D059939D2}"
EndProject
Project("{FAE04EC0-301F-11D3-BF4B-00C04F79EFBC}") = "hernu", "hernu\hernu.csproj", "{5FB35219-EE29-444B-B34A-818721775112}"
EndProject
Global
	GlobalSection(SolutionConfigurationPlatforms) = preSolution
		Debug|Any CPU = Debug|Any CPU
		Release|Any CPU = Release|Any CPU
	EndGlobalSection
	GlobalSection(ProjectConfigurationPlatforms) = postSolution
		{EF57A3BF-43A4-4CAF-A1E6-F02D059939D2}.Debug|Any CPU.ActiveCfg = Debug|Any CPU
		{EF57A3BF-43A4-4CAF-A1E6-F02D059939D2}.Debug|Any CPU.Build.0 = Debug|Any CPU
		{EF57A3BF-43A4-4CAF-A1E6-F02D059939D2}.Release|Any CPU.ActiveCfg = Release|Any CPU
		{EF57A3BF-43A4-4CAF-A1E6-F02D059939D2}.Release|Any CPU.Build.0 = Release|Any CPU
		{5FB35219-EE29-444B-B34A-818721775112}.Debug|Any CPU.ActiveCfg = Debug|Any CPU
		{5FB35219-EE29-444B-B34A-818721775112}.Debug|Any CPU.Build.0 = Debug|Any CPU
		{5FB35219-EE29-444B-B34A-818721775112}.Release|Any CPU.ActiveCfg = Release|Any CPU
		{5FB35219-EE29-444B-B34A-818721775112}.Release|Any CPU.Build.0 = Release|Any CPU
	EndGlobalSection
	GlobalSection(SolutionProperties) = preSolution
		HideSolutionNode = FALSE
	EndGlobalSection
	GlobalSection(ExtensibilityGlobals) = postSolution
		SolutionGuid = {FA44D723-71E5-44C4-AA7A-41046CE8E114}
	EndGlobalSection
EndGlobal
